
Microsoft Visual Studio Solution File, Format Version 12.00
# Visual Studio Version 17
VisualStudioVersion = 17.3.32922.545
MinimumVisualStudioVersion = 10.0.40219.1
Project("{FAE04EC0-301F-11D3-BF4B-00C04F79EFBC}") = "PasswordGenerator", "PasswordGenerator\PasswordGenerator.csproj", "{86735C26-7658-4599-B002-36AB70A31BFE}"
EndProject
Global
	GlobalSection(SolutionConfigurationPlatforms) = preSolution
		Debug|Any CPU = Debug|Any CPU
		Release|Any CPU = Release|Any CPU
	EndGlobalSection
	GlobalSection(ProjectConfigurationPlatforms) = postSolution
		{86735C26-7658-4599-B002-36AB70A31BFE}.Debug|Any CPU.ActiveCfg = Debug|Any CPU
		{86735C26-7658-4599-B002-36AB70A31BFE}.Debug|Any CPU.Build.0 = Debug|Any CPU
		{86735C26-7658-4599-B002-36AB70A31BFE}.Release|Any CPU.ActiveCfg = Release|Any CPU
		{86735C26-7658-4599-B002-36AB70A31BFE}.Release|Any CPU.Build.0 = Release|Any CPU
	EndGlobalSection
	GlobalSection(SolutionProperties) = preSolution
		HideSolutionNode = FALSE
	EndGlobalSection
	GlobalSection(ExtensibilityGlobals) = postSolution
		SolutionGuid = {FB78C5F1-6722-46DE-9978-280797076837}
	EndGlobalSection
EndGlobal
